
Microsoft Visual Studio Solution File, Format Version 12.00
# Visual Studio 2015
Project("{FAE04EC0-301F-11D3-BF4B-00C04F79EFBC}") = "ShooterTutorial", "ShooterTutorial.csproj", "{99ECF46A-CCAB-79C0-296D-8AD838BFACFD}"
EndProject
Global
	GlobalSection(SolutionConfigurationPlatforms) = preSolution
		Debug|Any CPU = Debug|Any CPU
		Release|Any CPU = Release|Any CPU
	EndGlobalSection
	GlobalSection(ProjectConfigurationPlatforms) = postSolution
		{99ECF46A-CCAB-79C0-296D-8AD838BFACFD}.Debug|Any CPU.ActiveCfg = Debug|Any CPU
		{99ECF46A-CCAB-79C0-296D-8AD838BFACFD}.Debug|Any CPU.Build.0 = Debug|Any CPU
		{99ECF46A-CCAB-79C0-296D-8AD838BFACFD}.Release|Any CPU.ActiveCfg = Release|Any CPU
		{99ECF46A-CCAB-79C0-296D-8AD838BFACFD}.Release|Any CPU.Build.0 = Release|Any CPU
	EndGlobalSection
	GlobalSection(SolutionProperties) = preSolution
		HideSolutionNode = FALSE
	EndGlobalSection
EndGlobal
